
Microsoft Visual Studio Solution File, Format Version 12.00
# Visual Studio Version 16
VisualStudioVersion = 16.0.31729.503
MinimumVisualStudioVersion = 10.0.40219.1
Project("{FAE04EC0-301F-11D3-BF4B-00C04F79EFBC}") = "Notepad++", "Notepad++.csproj", "{1C8FC962-B0C2-4748-927D-3BA210EDEDFD}"
EndProject
Global
	GlobalSection(SolutionConfigurationPlatforms) = preSolution
		Debug|Any CPU = Debug|Any CPU
		Release|Any CPU = Release|Any CPU
	EndGlobalSection
	GlobalSection(ProjectConfigurationPlatforms) = postSolution
		{1C8FC962-B0C2-4748-927D-3BA210EDEDFD}.Debug|Any CPU.ActiveCfg = Debug|Any CPU
		{1C8FC962-B0C2-4748-927D-3BA210EDEDFD}.Debug|Any CPU.Build.0 = Debug|Any CPU
		{1C8FC962-B0C2-4748-927D-3BA210EDEDFD}.Release|Any CPU.ActiveCfg = Release|Any CPU
		{1C8FC962-B0C2-4748-927D-3BA210EDEDFD}.Release|Any CPU.Build.0 = Release|Any CPU
	EndGlobalSection
	GlobalSection(SolutionProperties) = preSolution
		HideSolutionNode = FALSE
	EndGlobalSection
	GlobalSection(ExtensibilityGlobals) = postSolution
		SolutionGuid = {8DCCB0FE-65A9-4123-8C80-9F598D71129F}
	EndGlobalSection
EndGlobal
